
Microsoft Visual Studio Solution File, Format Version 12.00
# Visual Studio 15
VisualStudioVersion = 15.0.27703.2042
MinimumVisualStudioVersion = 10.0.40219.1
Project("{FAE04EC0-301F-11D3-BF4B-00C04F79EFBC}") = "ControlWork", "ControlWork\ControlWork.csproj", "{F671FD7B-5D65-4806-8B8E-7A8176CB5EA0}"
EndProject
Global
	GlobalSection(SolutionConfigurationPlatforms) = preSolution
		Debug|Any CPU = Debug|Any CPU
		Release|Any CPU = Release|Any CPU
	EndGlobalSection
	GlobalSection(ProjectConfigurationPlatforms) = postSolution
		{F671FD7B-5D65-4806-8B8E-7A8176CB5EA0}.Debug|Any CPU.ActiveCfg = Debug|Any CPU
		{F671FD7B-5D65-4806-8B8E-7A8176CB5EA0}.Debug|Any CPU.Build.0 = Debug|Any CPU
		{F671FD7B-5D65-4806-8B8E-7A8176CB5EA0}.Release|Any CPU.ActiveCfg = Release|Any CPU
		{F671FD7B-5D65-4806-8B8E-7A8176CB5EA0}.Release|Any CPU.Build.0 = Release|Any CPU
	EndGlobalSection
	GlobalSection(SolutionProperties) = preSolution
		HideSolutionNode = FALSE
	EndGlobalSection
	GlobalSection(ExtensibilityGlobals) = postSolution
		SolutionGuid = {A73DE699-2EC7-4896-9CEE-91B02EC674D9}
	EndGlobalSection
EndGlobal
